
Microsoft Visual Studio Solution File, Format Version 12.00
# Visual Studio 15
VisualStudioVersion = 15.0.26124.0
MinimumVisualStudioVersion = 15.0.26124.0
Project("{2150E333-8FDC-42A3-9474-1A3956D46DE8}") = "src", "src", "{4AD260CE-9C7E-4715-8152-0C1AFF00F88A}"
EndProject
Project("{FAE04EC0-301F-11D3-BF4B-00C04F79EFBC}") = "ts-api", "src\ts-api\ts-api.csproj", "{2B7E84F6-FBDA-4F76-987C-F744769A812E}"
EndProject
Project("{FAE04EC0-301F-11D3-BF4B-00C04F79EFBC}") = "ts-models", "src\ts-models\ts-models.csproj", "{C95E7FFA-0F24-49F3-A843-6D8F93188325}"
EndProject
Project("{FAE04EC0-301F-11D3-BF4B-00C04F79EFBC}") = "ts-database-service", "src\ts-database-service\ts-database-service.csproj", "{75985CB6-5AB4-4DED-B8DE-77DE09732CDE}"
EndProject
Global
	GlobalSection(SolutionConfigurationPlatforms) = preSolution
		Debug|Any CPU = Debug|Any CPU
		Debug|x64 = Debug|x64
		Debug|x86 = Debug|x86
		Release|Any CPU = Release|Any CPU
		Release|x64 = Release|x64
		Release|x86 = Release|x86
	EndGlobalSection
	GlobalSection(SolutionProperties) = preSolution
		HideSolutionNode = FALSE
	EndGlobalSection
	GlobalSection(ProjectConfigurationPlatforms) = postSolution
		{2B7E84F6-FBDA-4F76-987C-F744769A812E}.Debug|Any CPU.ActiveCfg = Debug|Any CPU
		{2B7E84F6-FBDA-4F76-987C-F744769A812E}.Debug|Any CPU.Build.0 = Debug|Any CPU
		{2B7E84F6-FBDA-4F76-987C-F744769A812E}.Debug|x64.ActiveCfg = Debug|Any CPU
		{2B7E84F6-FBDA-4F76-987C-F744769A812E}.Debug|x64.Build.0 = Debug|Any CPU
		{2B7E84F6-FBDA-4F76-987C-F744769A812E}.Debug|x86.ActiveCfg = Debug|Any CPU
		{2B7E84F6-FBDA-4F76-987C-F744769A812E}.Debug|x86.Build.0 = Debug|Any CPU
		{2B7E84F6-FBDA-4F76-987C-F744769A812E}.Release|Any CPU.ActiveCfg = Release|Any CPU
		{2B7E84F6-FBDA-4F76-987C-F744769A812E}.Release|Any CPU.Build.0 = Release|Any CPU
		{2B7E84F6-FBDA-4F76-987C-F744769A812E}.Release|x64.ActiveCfg = Release|Any CPU
		{2B7E84F6-FBDA-4F76-987C-F744769A812E}.Release|x64.Build.0 = Release|Any CPU
		{2B7E84F6-FBDA-4F76-987C-F744769A812E}.Release|x86.ActiveCfg = Release|Any CPU
		{2B7E84F6-FBDA-4F76-987C-F744769A812E}.Release|x86.Build.0 = Release|Any CPU
		{C95E7FFA-0F24-49F3-A843-6D8F93188325}.Debug|Any CPU.ActiveCfg = Debug|Any CPU
		{C95E7FFA-0F24-49F3-A843-6D8F93188325}.Debug|Any CPU.Build.0 = Debug|Any CPU
		{C95E7FFA-0F24-49F3-A843-6D8F93188325}.Debug|x64.ActiveCfg = Debug|Any CPU
		{C95E7FFA-0F24-49F3-A843-6D8F93188325}.Debug|x64.Build.0 = Debug|Any CPU
		{C95E7FFA-0F24-49F3-A843-6D8F93188325}.Debug|x86.ActiveCfg = Debug|Any CPU
		{C95E7FFA-0F24-49F3-A843-6D8F93188325}.Debug|x86.Build.0 = Debug|Any CPU
		{C95E7FFA-0F24-49F3-A843-6D8F93188325}.Release|Any CPU.ActiveCfg = Release|Any CPU
		{C95E7FFA-0F24-49F3-A843-6D8F93188325}.Release|Any CPU.Build.0 = Release|Any CPU
		{C95E7FFA-0F24-49F3-A843-6D8F93188325}.Release|x64.ActiveCfg = Release|Any CPU
		{C95E7FFA-0F24-49F3-A843-6D8F93188325}.Release|x64.Build.0 = Release|Any CPU
		{C95E7FFA-0F24-49F3-A843-6D8F93188325}.Release|x86.ActiveCfg = Release|Any CPU
		{C95E7FFA-0F24-49F3-A843-6D8F93188325}.Release|x86.Build.0 = Release|Any CPU
		{75985CB6-5AB4-4DED-B8DE-77DE09732CDE}.Debug|Any CPU.ActiveCfg = Debug|Any CPU
		{75985CB6-5AB4-4DED-B8DE-77DE09732CDE}.Debug|Any CPU.Build.0 = Debug|Any CPU
		{75985CB6-5AB4-4DED-B8DE-77DE09732CDE}.Debug|x64.ActiveCfg = Debug|Any CPU
		{75985CB6-5AB4-4DED-B8DE-77DE09732CDE}.Debug|x64.Build.0 = Debug|Any CPU
		{75985CB6-5AB4-4DED-B8DE-77DE09732CDE}.Debug|x86.ActiveCfg = Debug|Any CPU
		{75985CB6-5AB4-4DED-B8DE-77DE09732CDE}.Debug|x86.Build.0 = Debug|Any CPU
		{75985CB6-5AB4-4DED-B8DE-77DE09732CDE}.Release|Any CPU.ActiveCfg = Release|Any CPU
		{75985CB6-5AB4-4DED-B8DE-77DE09732CDE}.Release|Any CPU.Build.0 = Release|Any CPU
		{75985CB6-5AB4-4DED-B8DE-77DE09732CDE}.Release|x64.ActiveCfg = Release|Any CPU
		{75985CB6-5AB4-4DED-B8DE-77DE09732CDE}.Release|x64.Build.0 = Release|Any CPU
		{75985CB6-5AB4-4DED-B8DE-77DE09732CDE}.Release|x86.ActiveCfg = Release|Any CPU
		{75985CB6-5AB4-4DED-B8DE-77DE09732CDE}.Release|x86.Build.0 = Release|Any CPU
	EndGlobalSection
	GlobalSection(NestedProjects) = preSolution
		{2B7E84F6-FBDA-4F76-987C-F744769A812E} = {4AD260CE-9C7E-4715-8152-0C1AFF00F88A}
		{C95E7FFA-0F24-49F3-A843-6D8F93188325} = {4AD260CE-9C7E-4715-8152-0C1AFF00F88A}
		{75985CB6-5AB4-4DED-B8DE-77DE09732CDE} = {4AD260CE-9C7E-4715-8152-0C1AFF00F88A}
	EndGlobalSection
EndGlobal
